// !$*UTF8*$!
{
	archiveVersion = 1;
	classes = {
	};
	objectVersion = 50;
	objects = {

/* Begin PBXBuildFile section */
		61A234AD2439D33B00882E9D /* AppDelegate.swift in Sources */ = {isa = PBXBuildFile; fileRef = 61A234AC2439D33B00882E9D /* AppDelegate.swift */; };
		61A234AF2439D33B00882E9D /* SceneDelegate.swift in Sources */ = {isa = PBXBuildFile; fileRef = 61A234AE2439D33B00882E9D /* SceneDelegate.swift */; };
		61A234B12439D33B00882E9D /* ViewController.swift in Sources */ = {isa = PBXBuildFile; fileRef = 61A234B02439D33B00882E9D /* ViewController.swift */; };
		61A234B42439D33B00882E9D /* Main.storyboard in Resources */ = {isa = PBXBuildFile; fileRef = 61A234B22439D33B00882E9D /* Main.storyboard */; };
		61A234B62439D34000882E9D /* Assets.xcassets in Resources */ = {isa = PBXBuildFile; fileRef = 61A234B52439D34000882E9D /* Assets.xcassets */; };
		61A234B92439D34000882E9D /* LaunchScreen.storyboard in Resources */ = {isa = PBXBuildFile; fileRef = 61A234B72439D34000882E9D /* LaunchScreen.storyboard */; };
		9916FFFF76EBBCC5AD9F151E /* Pods_FixedSolutionChallange.framework in Frameworks */ = {isa = PBXBuildFile; fileRef = 0297167D0C8E2C865633735A /* Pods_FixedSolutionChallange.framework */; };
/* End PBXBuildFile section */

/* Begin PBXFileReference section */
		0297167D0C8E2C865633735A /* Pods_FixedSolutionChallange.framework */ = {isa = PBXFileReference; explicitFileType = wrapper.framework; includeInIndex = 0; path = Pods_FixedSolutionChallange.framework; sourceTree = BUILT_PRODUCTS_DIR; };
		61A234A92439D33B00882E9D /* FixedSolutionChallange.app */ = {isa = PBXFileReference; explicitFileType = wrapper.application; includeInIndex = 0; path = FixedSolutionChallange.app; sourceTree = BUILT_PRODUCTS_DIR; };
		61A234AC2439D33B00882E9D /* AppDelegate.swift */ = {isa = PBXFileReference; lastKnownFileType = sourcecode.swift; path = AppDelegate.swift; sourceTree = "<group>"; };
		61A234AE2439D33B00882E9D /* SceneDelegate.swift */ = {isa = PBXFileReference; lastKnownFileType = sourcecode.swift; path = SceneDelegate.swift; sourceTree = "<group>"; };
		61A234B02439D33B00882E9D /* ViewController.swift */ = {isa = PBXFileReference; lastKnownFileType = sourcecode.swift; path = ViewController.swift; sourceTree = "<group>"; };
		61A234B32439D33B00882E9D /* Base */ = {isa = PBXFileReference; lastKnownFileType = file.storyboard; name = Base; path = Base.lproj/Main.storyboard; sourceTree = "<group>"; };
		61A234B52439D34000882E9D /* Assets.xcassets */ = {isa = PBXFileReference; lastKnownFileType = folder.assetcatalog; path = Assets.xcassets; sourceTree = "<group>"; };
		61A234B82439D34000882E9D /* Base */ = {isa = PBXFileReference; lastKnownFileType = file.storyboard; name = Base; path = Base.lproj/LaunchScreen.storyboard; sourceTree = "<group>"; };
		61A234BA2439D34000882E9D /* Info.plist */ = {isa = PBXFileReference; lastKnownFileType = text.plist.xml; path = Info.plist; sourceTree = "<group>"; };
		6E0B5E37DAAAB8C5A8FC564E /* Pods-FixedSolutionChallange.debug.xcconfig */ = {isa = PBXFileReference; includeInIndex = 1; lastKnownFileType = text.xcconfig; name = "Pods-FixedSolutionChallange.debug.xcconfig"; path = "Target Support Files/Pods-FixedSolutionChallange/Pods-FixedSolutionChallange.debug.xcconfig"; sourceTree = "<group>"; };
		DE7EB08B9153EC7C7E4C0205 /* Pods-FixedSolutionChallange.release.xcconfig */ = {isa = PBXFileReference; includeInIndex = 1; lastKnownFileType = text.xcconfig; name = "Pods-FixedSolutionChallange.release.xcconfig"; path = "Target Support Files/Pods-FixedSolutionChallange/Pods-FixedSolutionChallange.release.xcconfig"; sourceTree = "<group>"; };
/* End PBXFileReference section */

/* Begin PBXFrameworksBuildPhase section */
		61A234A62439D33B00882E9D /* Frameworks */ = {
			isa = PBXFrameworksBuildPhase;
			buildActionMask = 2147483647;
			files = (
				9916FFFF76EBBCC5AD9F151E /* Pods_FixedSolutionChallange.framework in Frameworks */,
			);
			runOnlyForDeploymentPostprocessing = 0;
		};
/* End PBXFrameworksBuildPhase section */

/* Begin PBXGroup section */
		2855F3405185F7FC788043FF /* Frameworks */ = {
			isa = PBXGroup;
			children = (
				0297167D0C8E2C865633735A /* Pods_FixedSolutionChallange.framework */,
			);
			name = Frameworks;
			sourceTree = "<group>";
		};
		61A234A02439D33B00882E9D = {
			isa = PBXGroup;
			children = (
				61A234AB2439D33B00882E9D /* FixedSolutionChallange */,
				61A234AA2439D33B00882E9D /* Products */,
				672D7605585857050FC1B66D /* Pods */,
				2855F3405185F7FC788043FF /* Frameworks */,
			);
			sourceTree = "<group>";
		};
		61A234AA2439D33B00882E9D /* Products */ = {
			isa = PBXGroup;
			children = (
				61A234A92439D33B00882E9D /* FixedSolutionChallange.app */,
			);
			name = Products;
			sourceTree = "<group>";
		};
		61A234AB2439D33B00882E9D /* FixedSolutionChallange */ = {
			isa = PBXGroup;
			children = (
				61A234AC2439D33B00882E9D /* AppDelegate.swift */,
				61A234AE2439D33B00882E9D /* SceneDelegate.swift */,
				61A234B02439D33B00882E9D /* ViewController.swift */,
				61A234B22439D33B00882E9D /* Main.storyboard */,
				61A234B52439D34000882E9D /* Assets.xcassets */,
				61A234B72439D34000882E9D /* LaunchScreen.storyboard */,
				61A234BA2439D34000882E9D /* Info.plist */,
			);
			path = FixedSolutionChallange;
			sourceTree = "<group>";
		};
		672D7605585857050FC1B66D /* Pods */ = {
			isa = PBXGroup;
			children = (
				6E0B5E37DAAAB8C5A8FC564E /* Pods-FixedSolutionChallange.debug.xcconfig */,
				DE7EB08B9153EC7C7E4C0205 /* Pods-FixedSolutionChallange.release.xcconfig */,
			);
			name = Pods;
			path = Pods;
			sourceTree = "<group>";
		};
/* End PBXGroup section */

/* Begin PBXNativeTarget section */
		61A234A82439D33B00882E9D /* FixedSolutionChallange */ = {
			isa = PBXNativeTarget;
			buildConfigurationList = 61A234BD2439D34000882E9D /* Build configuration list for PBXNativeTarget "FixedSolutionChallange" */;
			buildPhases = (
				8A660523BBA252382352F810 /* [CP] Check Pods Manifest.lock */,
				61A234A52439D33B00882E9D /* Sources */,
				61A234A62439D33B00882E9D /* Frameworks */,
				61A234A72439D33B00882E9D /* Resources */,
				A94FB023E73D13B0460B6CB9 /* [CP] Embed Pods Frameworks */,
			);
			buildRules = (
			);
			dependencies = (
			);
			name = FixedSolutionChallange;
			productName = FixedSolutionChallange;
			productReference = 61A234A92439D33B00882E9D /* FixedSolutionChallange.app */;
			productType = "com.apple.product-type.application";
		};
/* End PBXNativeTarget section */

/* Begin PBXProject section */
		61A234A12439D33B00882E9D /* Project object */ = {
			isa = PBXProject;
			attributes = {
				LastSwiftUpdateCheck = 1120;
				LastUpgradeCheck = 1120;
				ORGANIZATIONNAME = FixedSolution;
				TargetAttributes = {
					61A234A82439D33B00882E9D = {
						CreatedOnToolsVersion = 11.2.1;
					};
				};
			};
			buildConfigurationList = 61A234A42439D33B00882E9D /* Build configuration list for PBXProject "FixedSolutionChallange" */;
			compatibilityVersion = "Xcode 9.3";
			developmentRegion = en;
			hasScannedForEncodings = 0;
			knownRegions = (
				en,
				Base,
			);
			mainGroup = 61A234A02439D33B00882E9D;
			productRefGroup = 61A234AA2439D33B00882E9D /* Products */;
			projectDirPath = "";
			projectRoot = "";
			targets = (
				61A234A82439D33B00882E9D /* FixedSolutionChallange */,
			);
		};
/* End PBXProject section */

/* Begin PBXResourcesBuildPhase section */
		61A234A72439D33B00882E9D /* Resources */ = {
			isa = PBXResourcesBuildPhase;
			buildActionMask = 2147483647;
			files = (
				61A234B92439D34000882E9D /* LaunchScreen.storyboard in Resources */,
				61A234B62439D34000882E9D /* Assets.xcassets in Resources */,
				61A234B42439D33B00882E9D /* Main.storyboard in Resources */,
			);
			runOnlyForDeploymentPostprocessing = 0;
		};
/* End PBXResourcesBuildPhase section */

/* Begin PBXShellScriptBuildPhase section */
		8A660523BBA252382352F810 /* [CP] Check Pods Manifest.lock */ = {
			isa = PBXShellScriptBuildPhase;
			buildActionMask = 2147483647;
			files = (
			);
			inputFileListPaths = (
			);
			inputPaths = (
				"${PODS_PODFILE_DIR_PATH}/Podfile.lock",
				"${PODS_ROOT}/Manifest.lock",
			);
			name = "[CP] Check Pods Manifest.lock";
			outputFileListPaths = (
			);
			outputPaths = (
				"$(DERIVED_FILE_DIR)/Pods-FixedSolutionChallange-checkManifestLockResult.txt",
			);
			runOnlyForDeploymentPostprocessing = 0;
			shellPath = /bin/sh;
			shellScript = "diff \"${PODS_PODFILE_DIR_PATH}/Podfile.lock\" \"${PODS_ROOT}/Manifest.lock\" > /dev/null\nif [ $? != 0 ] ; then\n    # print error to STDERR\n    echo \"error: The sandbox is not in sync with the Podfile.lock. Run 'pod install' or update your CocoaPods installation.\" >&2\n    exit 1\nfi\n# This output is used by Xcode 'outputs' to avoid re-running this script phase.\necho \"SUCCESS\" > \"${SCRIPT_OUTPUT_FILE_0}\"\n";
			showEnvVarsInLog = 0;
		};
		A94FB023E73D13B0460B6CB9 /* [CP] Embed Pods Frameworks */ = {
			isa = PBXShellScriptBuildPhase;
			buildActionMask = 2147483647;
			files = (
			);
			inputFileListPaths = (
				"${PODS_ROOT}/Target Support Files/Pods-FixedSolutionChallange/Pods-FixedSolutionChallange-frameworks-${CONFIGURATION}-input-files.xcfilelist",
			);
			name = "[CP] Embed Pods Frameworks";
			outputFileListPaths = (
				"${PODS_ROOT}/Target Support Files/Pods-FixedSolutionChallange/Pods-FixedSolutionChallange-frameworks-${CONFIGURATION}-output-files.xcfilelist",
			);
			runOnlyForDeploymentPostprocessing = 0;
			shellPath = /bin/sh;
			shellScript = "\"${PODS_ROOT}/Target Support Files/Pods-FixedSolutionChallange/Pods-FixedSolutionChallange-frameworks.sh\"\n";
			showEnvVarsInLog = 0;
		};
/* End PBXShellScriptBuildPhase section */

/* Begin PBXSourcesBuildPhase section */
		61A234A52439D33B00882E9D /* Sources */ = {
			isa = PBXSourcesBuildPhase;
			buildActionMask = 2147483647;
			files = (
				61A234B12439D33B00882E9D /* ViewController.swift in Sources */,
				61A234AD2439D33B00882E9D /* AppDelegate.swift in Sources */,
				61A234AF2439D33B00882E9D /* SceneDelegate.swift in Sources */,
			);
			runOnlyForDeploymentPostprocessing = 0;
		};
/* End PBXSourcesBuildPhase section */

/* Begin PBXVariantGroup section */
		61A234B22439D33B00882E9D /* Main.storyboard */ = {
			isa = PBXVariantGroup;
			children = (
				61A234B32439D33B00882E9D /* Base */,
			);
			name = Main.storyboard;
			sourceTree = "<group>";
		};
		61A234B72439D34000882E9D /* LaunchScreen.storyboard */ = {
			isa = PBXVariantGroup;
			children = (
				61A234B82439D34000882E9D /* Base */,
			);
			name = LaunchScreen.storyboard;
			sourceTree = "<group>";
		};
/* End PBXVariantGroup section */

/* Begin XCBuildConfiguration section */
		61A234BB2439D34000882E9D /* Debug */ = {
			isa = XCBuildConfiguration;
			buildSettings = {
				ALWAYS_SEARCH_USER_PATHS = NO;
				CLANG_ANALYZER_NONNULL = YES;
				CLANG_ANALYZER_NUMBER_OBJECT_CONVERSION = YES_AGGRESSIVE;
				CLANG_CXX_LANGUAGE_STANDARD = "gnu++14";
				CLANG_CXX_LIBRARY = "libc++";
				CLANG_ENABLE_MODULES = YES;
				CLANG_ENABLE_OBJC_ARC = YES;
				CLANG_ENABLE_OBJC_WEAK = YES;
				CLANG_WARN_BLOCK_CAPTURE_AUTORELEASING = YES;
				CLANG_WARN_BOOL_CONVERSION = YES;
				CLANG_WARN_COMMA = YES;
				CLANG_WARN_CONSTANT_CONVERSION = YES;
				CLANG_WARN_DEPRECATED_OBJC_IMPLEMENTATIONS = YES;
				CLANG_WARN_DIRECT_OBJC_ISA_USAGE = YES_ERROR;
				CLANG_WARN_DOCUMENTATION_COMMENTS = YES;
				CLANG_WARN_EMPTY_BODY = YES;
				CLANG_WARN_ENUM_CONVERSION = YES;
				CLANG_WARN_INFINITE_RECURSION = YES;
				CLANG_WARN_INT_CONVERSION = YES;
				CLANG_WARN_NON_LITERAL_NULL_CONVERSION = YES;
				CLANG_WARN_OBJC_IMPLICIT_RETAIN_SELF = YES;
				CLANG_WARN_OBJC_LITERAL_CONVERSION = YES;
				CLANG_WARN_OBJC_ROOT_CLASS = YES_ERROR;
				CLANG_WARN_RANGE_LOOP_ANALYSIS = YES;
				CLANG_WARN_STRICT_PROTOTYPES = YES;
				CLANG_WARN_SUSPICIOUS_MOVE = YES;
				CLANG_WARN_UNGUARDED_AVAILABILITY = YES_AGGRESSIVE;
				CLANG_WARN_UNREACHABLE_CODE = YES;
				CLANG_WARN__DUPLICATE_METHOD_MATCH = YES;
				COPY_PHASE_STRIP = NO;
				DEBUG_INFORMATION_FORMAT = dwarf;
				ENABLE_STRICT_OBJC_MSGSEND = YES;
				ENABLE_TESTABILITY = YES;
				GCC_C_LANGUAGE_STANDARD = gnu11;
				GCC_DYNAMIC_NO_PIC = NO;
				GCC_NO_COMMON_BLOCKS = YES;
				GCC_OPTIMIZATION_LEVEL = 0;
				GCC_PREPROCESSOR_DEFINITIONS = (
					"DEBUG=1",
					"$(inherited)",
				);
				GCC_WARN_64_TO_32_BIT_CONVERSION = YES;
				GCC_WARN_ABOUT_RETURN_TYPE = YES_ERROR;
				GCC_WARN_UNDECLARED_SELECTOR = YES;
				GCC_WARN_UNINITIALIZED_AUTOS = YES_AGGRESSIVE;
				GCC_WARN_UNUSED_FUNCTION = YES;
				GCC_WARN_UNUSED_VARIABLE = YES;
				IPHONEOS_DEPLOYMENT_TARGET = 13.2;
				MTL_ENABLE_DEBUG_INFO = INCLUDE_SOURCE;
				MTL_FAST_MATH = YES;
				ONLY_ACTIVE_ARCH = YES;
				SDKROOT = iphoneos;
				SWIFT_ACTIVE_COMPILATION_CONDITIONS = DEBUG;
				SWIFT_OPTIMIZATION_LEVEL = "-Onone";
			};
			name = Debug;
		};
		61A234BC2439D34000882E9D /* Release */ = {
			isa = XCBuildConfiguration;
			buildSettings = {
				ALWAYS_SEARCH_USER_PATHS = NO;
				CLANG_ANALYZER_NONNULL = YES;
				CLANG_ANALYZER_NUMBER_OBJECT_CONVERSION = YES_AGGRESSIVE;
				CLANG_CXX_LANGUAGE_STANDARD = "gnu++14";
				CLANG_CXX_LIBRARY = "libc++";
				CLANG_ENABLE_MODULES = YES;
				CLANG_ENABLE_OBJC_ARC = YES;
				CLANG_ENABLE_OBJC_WEAK = YES;
				CLANG_WARN_BLOCK_CAPTURE_AUTORELEASING = YES;
				CLANG_WARN_BOOL_CONVERSION = YES;
				CLANG_WARN_COMMA = YES;
				CLANG_WARN_CONSTANT_CONVERSION = YES;
				CLANG_WARN_DEPRECATED_OBJC_IMPLEMENTATIONS = YES;
				CLANG_WARN_DIRECT_OBJC_ISA_USAGE = YES_ERROR;
				CLANG_WARN_DOCUMENTATION_COMMENTS = YES;
				CLANG_WARN_EMPTY_BODY = YES;
				CLANG_WARN_ENUM_CONVERSION = YES;
				CLANG_WARN_INFINITE_RECURSION = YES;
				CLANG_WARN_INT_CONVERSION = YES;
				CLANG_WARN_NON_LITERAL_NULL_CONVERSION = YES;
				CLANG_WARN_OBJC_IMPLICIT_RETAIN_SELF = YES;
				CLANG_WARN_OBJC_LITERAL_CONVERSION = YES;
				CLANG_WARN_OBJC_ROOT_CLASS = YES_ERROR;
				CLANG_WARN_RANGE_LOOP_ANALYSIS = YES;
				CLANG_WARN_STRICT_PROTOTYPES = YES;
				CLANG_WARN_SUSPICIOUS_MOVE = YES;
				CLANG_WARN_UNGUARDED_AVAILABILITY = YES_AGGRESSIVE;
				CLANG_WARN_UNREACHABLE_CODE = YES;
				CLANG_WARN__DUPLICATE_METHOD_MATCH = YES;
				COPY_PHASE_STRIP = NO;
				DEBUG_INFORMATION_FORMAT = "dwarf-with-dsym";
				ENABLE_NS_ASSERTIONS = NO;
				ENABLE_STRICT_OBJC_MSGSEND = YES;
				GCC_C_LANGUAGE_STANDARD = gnu11;
				GCC_NO_COMMON_BLOCKS = YES;
				GCC_WARN_64_TO_32_BIT_CONVERSION = YES;
				GCC_WARN_ABOUT_RETURN_TYPE = YES_ERROR;
				GCC_WARN_UNDECLARED_SELECTOR = YES;
				GCC_WARN_UNINITIALIZED_AUTOS = YES_AGGRESSIVE;
				GCC_WARN_UNUSED_FUNCTION = YES;
				GCC_WARN_UNUSED_VARIABLE = YES;
				IPHONEOS_DEPLOYMENT_TARGET = 13.2;
				MTL_ENABLE_DEBUG_INFO = NO;
				MTL_FAST_MATH = YES;
				SDKROOT = iphoneos;
				SWIFT_COMPILATION_MODE = wholemodule;
				SWIFT_OPTIMIZATION_LEVEL = "-O";
				VALIDATE_PRODUCT = YES;
			};
			name = Release;
		};
		61A234BE2439D34000882E9D /* Debug */ = {
			isa = XCBuildConfiguration;
			baseConfigurationReference = 6E0B5E37DAAAB8C5A8FC564E /* Pods-FixedSolutionChallange.debug.xcconfig */;
			buildSettings = {
				ASSETCATALOG_COMPILER_APPICON_NAME = AppIcon;
				CODE_SIGN_STYLE = Automatic;
				DEVELOPMENT_TEAM = XV3HT6Q7PZ;
				INFOPLIST_FILE = FixedSolutionChallange/Info.plist;
				LD_RUNPATH_SEARCH_PATHS = (
					"$(inherited)",
					"@executable_path/Frameworks",
				);
				PRODUCT_BUNDLE_IDENTIFIER = com.ATN.FixedSolutionChallange;
				PRODUCT_NAME = "$(TARGET_NAME)";
				SWIFT_VERSION = 5.0;
				TARGETED_DEVICE_FAMILY = "1,2";
			};
			name = Debug;
		};
		61A234BF2439D34000882E9D /* Release */ = {
			isa = XCBuildConfiguration;
			baseConfigurationReference = DE7EB08B9153EC7C7E4C0205 /* Pods-FixedSolutionChallange.release.xcconfig */;
			buildSettings = {
				ASSETCATALOG_COMPILER_APPICON_NAME = AppIcon;
				CODE_SIGN_STYLE = Automatic;
				DEVELOPMENT_TEAM = XV3HT6Q7PZ;
				INFOPLIST_FILE = FixedSolutionChallange/Info.plist;
				LD_RUNPATH_SEARCH_PATHS = (
					"$(inherited)",
					"@executable_path/Frameworks",
				);
				PRODUCT_BUNDLE_IDENTIFIER = com.ATN.FixedSolutionChallange;
				PRODUCT_NAME = "$(TARGET_NAME)";
				SWIFT_VERSION = 5.0;
				TARGETED_DEVICE_FAMILY = "1,2";
			};
			name = Release;
		};
/* End XCBuildConfiguration section */

/* Begin XCConfigurationList section */
		61A234A42439D33B00882E9D /* Build configuration list for PBXProject "FixedSolutionChallange" */ = {
			isa = XCConfigurationList;
			buildConfigurations = (
				61A234BB2439D34000882E9D /* Debug */,
				61A234BC2439D34000882E9D /* Release */,
			);
			defaultConfigurationIsVisible = 0;
			defaultConfigurationName = Release;
		};
		61A234BD2439D34000882E9D /* Build configuration list for PBXNativeTarget "FixedSolutionChallange" */ = {
			isa = XCConfigurationList;
			buildConfigurations = (
				61A234BE2439D34000882E9D /* Debug */,
				61A234BF2439D34000882E9D /* Release */,
			);
			defaultConfigurationIsVisible = 0;
			defaultConfigurationName = Release;
		};
/* End XCConfigurationList section */
	};
	rootObject = 61A234A12439D33B00882E9D /* Project object */;
}
